
Microsoft Visual Studio Solution File, Format Version 12.00
# Visual Studio Version 17
VisualStudioVersion = 17.5.33627.172
MinimumVisualStudioVersion = 10.0.40219.1
Project("{FAE04EC0-301F-11D3-BF4B-00C04F79EFBC}") = "UC1START", "UC1START.csproj", "{EF683C87-1638-46BA-B5A2-C47771C7BF4A}"
EndProject
Global
	GlobalSection(SolutionConfigurationPlatforms) = preSolution
		Debug|Any CPU = Debug|Any CPU
		Release|Any CPU = Release|Any CPU
	EndGlobalSection
	GlobalSection(ProjectConfigurationPlatforms) = postSolution
		{EF683C87-1638-46BA-B5A2-C47771C7BF4A}.Debug|Any CPU.ActiveCfg = Debug|Any CPU
		{EF683C87-1638-46BA-B5A2-C47771C7BF4A}.Debug|Any CPU.Build.0 = Debug|Any CPU
		{EF683C87-1638-46BA-B5A2-C47771C7BF4A}.Release|Any CPU.ActiveCfg = Release|Any CPU
		{EF683C87-1638-46BA-B5A2-C47771C7BF4A}.Release|Any CPU.Build.0 = Release|Any CPU
	EndGlobalSection
	GlobalSection(SolutionProperties) = preSolution
		HideSolutionNode = FALSE
	EndGlobalSection
	GlobalSection(ExtensibilityGlobals) = postSolution
		SolutionGuid = {B1FA49FA-C435-4C16-B107-D9253D732B18}
	EndGlobalSection
EndGlobal
