
Microsoft Visual Studio Solution File, Format Version 12.00
# Visual Studio Version 17
VisualStudioVersion = 17.5.33627.172
MinimumVisualStudioVersion = 10.0.40219.1
Project("{FAE04EC0-301F-11D3-BF4B-00C04F79EFBC}") = "UC4WINNINGPOS", "UC4WINNINGPOS.csproj", "{D5F92E7D-4A1C-4539-801A-AA007F713CA2}"
EndProject
Global
	GlobalSection(SolutionConfigurationPlatforms) = preSolution
		Debug|Any CPU = Debug|Any CPU
		Release|Any CPU = Release|Any CPU
	EndGlobalSection
	GlobalSection(ProjectConfigurationPlatforms) = postSolution
		{D5F92E7D-4A1C-4539-801A-AA007F713CA2}.Debug|Any CPU.ActiveCfg = Debug|Any CPU
		{D5F92E7D-4A1C-4539-801A-AA007F713CA2}.Debug|Any CPU.Build.0 = Debug|Any CPU
		{D5F92E7D-4A1C-4539-801A-AA007F713CA2}.Release|Any CPU.ActiveCfg = Release|Any CPU
		{D5F92E7D-4A1C-4539-801A-AA007F713CA2}.Release|Any CPU.Build.0 = Release|Any CPU
	EndGlobalSection
	GlobalSection(SolutionProperties) = preSolution
		HideSolutionNode = FALSE
	EndGlobalSection
	GlobalSection(ExtensibilityGlobals) = postSolution
		SolutionGuid = {30319B3B-4D56-45A7-A978-69D394F1F9E9}
	EndGlobalSection
EndGlobal
